
Microsoft Visual Studio Solution File, Format Version 12.00
# Visual Studio 2012
Project("{FAE04EC0-301F-11D3-BF4B-00C04F79EFBC}") = "HttpTwo.HPack", "HttpTwo.HPack\HttpTwo.HPack.csproj", "{C75A83BB-7EF1-4CDB-8C52-9E6E3E11341D}"
EndProject
Project("{FAE04EC0-301F-11D3-BF4B-00C04F79EFBC}") = "HttpTwo", "HttpTwo\HttpTwo.csproj", "{DC2F25D9-75BE-4C67-B41D-84B738A16B9F}"
EndProject
Project("{FAE04EC0-301F-11D3-BF4B-00C04F79EFBC}") = "HttpTwo.Tests", "HttpTwo.Tests\HttpTwo.Tests.csproj", "{DD2208F9-C8C1-430A-AB17-5A657733A029}"
EndProject
Global
	GlobalSection(SolutionConfigurationPlatforms) = preSolution
		Debug|Any CPU = Debug|Any CPU
		Release|Any CPU = Release|Any CPU
	EndGlobalSection
	GlobalSection(ProjectConfigurationPlatforms) = postSolution
		{C75A83BB-7EF1-4CDB-8C52-9E6E3E11341D}.Debug|Any CPU.ActiveCfg = Debug|Any CPU
		{C75A83BB-7EF1-4CDB-8C52-9E6E3E11341D}.Debug|Any CPU.Build.0 = Debug|Any CPU
		{C75A83BB-7EF1-4CDB-8C52-9E6E3E11341D}.Release|Any CPU.ActiveCfg = Release|Any CPU
		{C75A83BB-7EF1-4CDB-8C52-9E6E3E11341D}.Release|Any CPU.Build.0 = Release|Any CPU
		{DC2F25D9-75BE-4C67-B41D-84B738A16B9F}.Debug|Any CPU.ActiveCfg = Debug|Any CPU
		{DC2F25D9-75BE-4C67-B41D-84B738A16B9F}.Debug|Any CPU.Build.0 = Debug|Any CPU
		{DC2F25D9-75BE-4C67-B41D-84B738A16B9F}.Release|Any CPU.ActiveCfg = Release|Any CPU
		{DC2F25D9-75BE-4C67-B41D-84B738A16B9F}.Release|Any CPU.Build.0 = Release|Any CPU
		{DD2208F9-C8C1-430A-AB17-5A657733A029}.Debug|Any CPU.ActiveCfg = Debug|Any CPU
		{DD2208F9-C8C1-430A-AB17-5A657733A029}.Debug|Any CPU.Build.0 = Debug|Any CPU
		{DD2208F9-C8C1-430A-AB17-5A657733A029}.Release|Any CPU.ActiveCfg = Release|Any CPU
		{DD2208F9-C8C1-430A-AB17-5A657733A029}.Release|Any CPU.Build.0 = Release|Any CPU
	EndGlobalSection
EndGlobal
